
Microsoft Visual Studio Solution File, Format Version 12.00
# Visual Studio Version 16
VisualStudioVersion = 16.0.31321.278
MinimumVisualStudioVersion = 10.0.40219.1
Project("{FAE04EC0-301F-11D3-BF4B-00C04F79EFBC}") = "SalesWebMvc", "SalesWebMvc\SalesWebMvc.csproj", "{E6790EE0-ACDE-402C-861A-24E0DF3985E8}"
EndProject
Global
	GlobalSection(SolutionConfigurationPlatforms) = preSolution
		Debug|Any CPU = Debug|Any CPU
		Release|Any CPU = Release|Any CPU
	EndGlobalSection
	GlobalSection(ProjectConfigurationPlatforms) = postSolution
		{E6790EE0-ACDE-402C-861A-24E0DF3985E8}.Debug|Any CPU.ActiveCfg = Debug|Any CPU
		{E6790EE0-ACDE-402C-861A-24E0DF3985E8}.Debug|Any CPU.Build.0 = Debug|Any CPU
		{E6790EE0-ACDE-402C-861A-24E0DF3985E8}.Release|Any CPU.ActiveCfg = Release|Any CPU
		{E6790EE0-ACDE-402C-861A-24E0DF3985E8}.Release|Any CPU.Build.0 = Release|Any CPU
	EndGlobalSection
	GlobalSection(SolutionProperties) = preSolution
		HideSolutionNode = FALSE
	EndGlobalSection
	GlobalSection(ExtensibilityGlobals) = postSolution
		SolutionGuid = {9CAC4378-14A2-4491-83AF-045DCC44C0BF}
	EndGlobalSection
EndGlobal
